// !$*UTF8*$!
{
	archiveVersion = 1;
	classes = {
	};
	objectVersion = 56;
	objects = {

/* Begin PBXBuildFile section */
		130518842A34F321005B7AD4 /* SingleImageViewController.swift in Sources */ = {isa = PBXBuildFile; fileRef = 130518832A34F320005B7AD4 /* SingleImageViewController.swift */; };
		135446FA2A4DDD82005FF3C0 /* OAuth2TokenStorage.swift in Sources */ = {isa = PBXBuildFile; fileRef = 135446F92A4DDD82005FF3C0 /* OAuth2TokenStorage.swift */; };
		135447002A4DF38C005FF3C0 /* OAuth2Service.swift in Sources */ = {isa = PBXBuildFile; fileRef = 135446FF2A4DF38C005FF3C0 /* OAuth2Service.swift */; };
		1371FBFB2A48CC72002D2D22 /* AuthConstants.swift in Sources */ = {isa = PBXBuildFile; fileRef = 1371FBFA2A48CC72002D2D22 /* AuthConstants.swift */; };
		13903B802A327A9700F3946E /* ProfileViewController.swift in Sources */ = {isa = PBXBuildFile; fileRef = 13903B7F2A327A9700F3946E /* ProfileViewController.swift */; };
		13B7BA122A4EEE960005FAB3 /* SplashViewController.swift in Sources */ = {isa = PBXBuildFile; fileRef = 13B7BA112A4EEE960005FAB3 /* SplashViewController.swift */; };
		13BBA3212A24E35F00854565 /* ImagesListCell.swift in Sources */ = {isa = PBXBuildFile; fileRef = 13BBA3202A24E35F00854565 /* ImagesListCell.swift */; };
		13BBA3262A2538A500854565 /* UIColor+Extensions.swift in Sources */ = {isa = PBXBuildFile; fileRef = 13BBA3252A2538A500854565 /* UIColor+Extensions.swift */; };
		13BBA3282A2538B800854565 /* Date+Extensions.swift in Sources */ = {isa = PBXBuildFile; fileRef = 13BBA3272A2538B800854565 /* Date+Extensions.swift */; };
		13E39A0E2A20DFC500E96567 /* AppDelegate.swift in Sources */ = {isa = PBXBuildFile; fileRef = 13E39A0D2A20DFC500E96567 /* AppDelegate.swift */; };
		13E39A102A20DFC500E96567 /* SceneDelegate.swift in Sources */ = {isa = PBXBuildFile; fileRef = 13E39A0F2A20DFC500E96567 /* SceneDelegate.swift */; };
		13E39A122A20DFC500E96567 /* ImagesListViewController.swift in Sources */ = {isa = PBXBuildFile; fileRef = 13E39A112A20DFC500E96567 /* ImagesListViewController.swift */; };
		13E39A152A20DFC500E96567 /* Main.storyboard in Resources */ = {isa = PBXBuildFile; fileRef = 13E39A132A20DFC500E96567 /* Main.storyboard */; };
		13E39A172A20DFC600E96567 /* Assets.xcassets in Resources */ = {isa = PBXBuildFile; fileRef = 13E39A162A20DFC600E96567 /* Assets.xcassets */; };
		13E39A1A2A20DFC600E96567 /* LaunchScreen.storyboard in Resources */ = {isa = PBXBuildFile; fileRef = 13E39A182A20DFC600E96567 /* LaunchScreen.storyboard */; };
		13EE45732A49B7AA00BA3DE0 /* AuthViewController.swift in Sources */ = {isa = PBXBuildFile; fileRef = 13EE45722A49B7AA00BA3DE0 /* AuthViewController.swift */; };
		13EE45772A49D1C700BA3DE0 /* WebViewViewController.swift in Sources */ = {isa = PBXBuildFile; fileRef = 13EE45762A49D1C700BA3DE0 /* WebViewViewController.swift */; };
/* End PBXBuildFile section */

/* Begin PBXFileReference section */
		130518832A34F320005B7AD4 /* SingleImageViewController.swift */ = {isa = PBXFileReference; lastKnownFileType = sourcecode.swift; path = SingleImageViewController.swift; sourceTree = "<group>"; };
		135446F92A4DDD82005FF3C0 /* OAuth2TokenStorage.swift */ = {isa = PBXFileReference; lastKnownFileType = sourcecode.swift; path = OAuth2TokenStorage.swift; sourceTree = "<group>"; };
		135446FF2A4DF38C005FF3C0 /* OAuth2Service.swift */ = {isa = PBXFileReference; lastKnownFileType = sourcecode.swift; path = OAuth2Service.swift; sourceTree = "<group>"; };
		1371FBFA2A48CC72002D2D22 /* AuthConstants.swift */ = {isa = PBXFileReference; lastKnownFileType = sourcecode.swift; path = AuthConstants.swift; sourceTree = "<group>"; };
		13903B7F2A327A9700F3946E /* ProfileViewController.swift */ = {isa = PBXFileReference; lastKnownFileType = sourcecode.swift; path = ProfileViewController.swift; sourceTree = "<group>"; };
		13B7BA112A4EEE960005FAB3 /* SplashViewController.swift */ = {isa = PBXFileReference; lastKnownFileType = sourcecode.swift; path = SplashViewController.swift; sourceTree = "<group>"; };
		13BBA3202A24E35F00854565 /* ImagesListCell.swift */ = {isa = PBXFileReference; lastKnownFileType = sourcecode.swift; path = ImagesListCell.swift; sourceTree = "<group>"; };
		13BBA3252A2538A500854565 /* UIColor+Extensions.swift */ = {isa = PBXFileReference; lastKnownFileType = sourcecode.swift; path = "UIColor+Extensions.swift"; sourceTree = "<group>"; };
		13BBA3272A2538B800854565 /* Date+Extensions.swift */ = {isa = PBXFileReference; lastKnownFileType = sourcecode.swift; path = "Date+Extensions.swift"; sourceTree = "<group>"; };
		13E39A0A2A20DFC500E96567 /* ImageFeed.app */ = {isa = PBXFileReference; explicitFileType = wrapper.application; includeInIndex = 0; path = ImageFeed.app; sourceTree = BUILT_PRODUCTS_DIR; };
		13E39A0D2A20DFC500E96567 /* AppDelegate.swift */ = {isa = PBXFileReference; lastKnownFileType = sourcecode.swift; path = AppDelegate.swift; sourceTree = "<group>"; };
		13E39A0F2A20DFC500E96567 /* SceneDelegate.swift */ = {isa = PBXFileReference; lastKnownFileType = sourcecode.swift; path = SceneDelegate.swift; sourceTree = "<group>"; };
		13E39A112A20DFC500E96567 /* ImagesListViewController.swift */ = {isa = PBXFileReference; lastKnownFileType = sourcecode.swift; path = ImagesListViewController.swift; sourceTree = "<group>"; };
		13E39A142A20DFC500E96567 /* Base */ = {isa = PBXFileReference; lastKnownFileType = file.storyboard; name = Base; path = Base.lproj/Main.storyboard; sourceTree = "<group>"; };
		13E39A162A20DFC600E96567 /* Assets.xcassets */ = {isa = PBXFileReference; lastKnownFileType = folder.assetcatalog; path = Assets.xcassets; sourceTree = "<group>"; };
		13E39A192A20DFC600E96567 /* Base */ = {isa = PBXFileReference; lastKnownFileType = file.storyboard; name = Base; path = Base.lproj/LaunchScreen.storyboard; sourceTree = "<group>"; };
		13E39A1B2A20DFC600E96567 /* Info.plist */ = {isa = PBXFileReference; lastKnownFileType = text.plist.xml; path = Info.plist; sourceTree = "<group>"; };
		13EE45722A49B7AA00BA3DE0 /* AuthViewController.swift */ = {isa = PBXFileReference; lastKnownFileType = sourcecode.swift; path = AuthViewController.swift; sourceTree = "<group>"; };
		13EE45762A49D1C700BA3DE0 /* WebViewViewController.swift */ = {isa = PBXFileReference; lastKnownFileType = sourcecode.swift; path = WebViewViewController.swift; sourceTree = "<group>"; };
/* End PBXFileReference section */

/* Begin PBXFrameworksBuildPhase section */
		13E39A072A20DFC400E96567 /* Frameworks */ = {
			isa = PBXFrameworksBuildPhase;
			buildActionMask = 2147483647;
			files = (
			);
			runOnlyForDeploymentPostprocessing = 0;
		};
/* End PBXFrameworksBuildPhase section */

/* Begin PBXGroup section */
		130518822A34F2FC005B7AD4 /* SingleImage */ = {
			isa = PBXGroup;
			children = (
				130518832A34F320005B7AD4 /* SingleImageViewController.swift */,
			);
			path = SingleImage;
			sourceTree = "<group>";
		};
		135447012A4DF3C2005FF3C0 /* OAuth2 */ = {
			isa = PBXGroup;
			children = (
				135446FF2A4DF38C005FF3C0 /* OAuth2Service.swift */,
				135446F92A4DDD82005FF3C0 /* OAuth2TokenStorage.swift */,
				1371FBFA2A48CC72002D2D22 /* AuthConstants.swift */,
			);
			path = OAuth2;
			sourceTree = "<group>";
		};
		135447022A4E13E6005FF3C0 /* Presenter */ = {
			isa = PBXGroup;
			children = (
				13E39A132A20DFC500E96567 /* Main.storyboard */,
				13E39A182A20DFC600E96567 /* LaunchScreen.storyboard */,
			);
			path = Presenter;
			sourceTree = "<group>";
		};
		13A16C4C2A33988900B4FA67 /* Profile */ = {
			isa = PBXGroup;
			children = (
				13903B7F2A327A9700F3946E /* ProfileViewController.swift */,
			);
			path = Profile;
			sourceTree = "<group>";
		};
		13B7BA102A4EEE7E0005FAB3 /* SplashViewController */ = {
			isa = PBXGroup;
			children = (
				13B7BA112A4EEE960005FAB3 /* SplashViewController.swift */,
			);
			path = SplashViewController;
			sourceTree = "<group>";
		};
		13BBA3222A24E37000854565 /* ImagesList */ = {
			isa = PBXGroup;
			children = (
				13BBA3202A24E35F00854565 /* ImagesListCell.swift */,
				13E39A112A20DFC500E96567 /* ImagesListViewController.swift */,
			);
			path = ImagesList;
			sourceTree = "<group>";
		};
		13BBA3232A25371A00854565 /* Resources */ = {
			isa = PBXGroup;
			children = (
				13E39A0D2A20DFC500E96567 /* AppDelegate.swift */,
				13E39A0F2A20DFC500E96567 /* SceneDelegate.swift */,
				13E39A162A20DFC600E96567 /* Assets.xcassets */,
			);
			name = Resources;
			path = ..;
			sourceTree = "<group>";
		};
		13BBA3242A25387300854565 /* Helpers */ = {
			isa = PBXGroup;
			children = (
				13BBA3252A2538A500854565 /* UIColor+Extensions.swift */,
				13BBA3272A2538B800854565 /* Date+Extensions.swift */,
			);
			path = Helpers;
			sourceTree = "<group>";
		};
		13E39A012A20DFC400E96567 = {
			isa = PBXGroup;
			children = (
				13E39A0C2A20DFC500E96567 /* ImageFeed */,
				13E39A0B2A20DFC500E96567 /* Products */,
			);
			sourceTree = "<group>";
		};
		13E39A0B2A20DFC500E96567 /* Products */ = {
			isa = PBXGroup;
			children = (
				13E39A0A2A20DFC500E96567 /* ImageFeed.app */,
			);
			name = Products;
			sourceTree = "<group>";
		};
		13E39A0C2A20DFC500E96567 /* ImageFeed */ = {
			isa = PBXGroup;
			children = (
				13B7BA102A4EEE7E0005FAB3 /* SplashViewController */,
				13EE45712A49B76E00BA3DE0 /* Auth */,
				130518822A34F2FC005B7AD4 /* SingleImage */,
				13A16C4C2A33988900B4FA67 /* Profile */,
				13BBA3222A24E37000854565 /* ImagesList */,
				135447022A4E13E6005FF3C0 /* Presenter */,
				13BBA3242A25387300854565 /* Helpers */,
				13BBA3232A25371A00854565 /* Resources */,
				13E39A1B2A20DFC600E96567 /* Info.plist */,
			);
			path = ImageFeed;
			sourceTree = "<group>";
		};
		13EE45712A49B76E00BA3DE0 /* Auth */ = {
			isa = PBXGroup;
			children = (
				13EE45722A49B7AA00BA3DE0 /* AuthViewController.swift */,
				13EE45762A49D1C700BA3DE0 /* WebViewViewController.swift */,
				135447012A4DF3C2005FF3C0 /* OAuth2 */,
			);
			path = Auth;
			sourceTree = "<group>";
		};
/* End PBXGroup section */

/* Begin PBXNativeTarget section */
		13E39A092A20DFC400E96567 /* ImageFeed */ = {
			isa = PBXNativeTarget;
			buildConfigurationList = 13E39A1E2A20DFC600E96567 /* Build configuration list for PBXNativeTarget "ImageFeed" */;
			buildPhases = (
				13E39A062A20DFC400E96567 /* Sources */,
				13E39A072A20DFC400E96567 /* Frameworks */,
				13E39A082A20DFC400E96567 /* Resources */,
			);
			buildRules = (
			);
			dependencies = (
			);
			name = ImageFeed;
			productName = ImageFeed;
			productReference = 13E39A0A2A20DFC500E96567 /* ImageFeed.app */;
			productType = "com.apple.product-type.application";
		};
/* End PBXNativeTarget section */

/* Begin PBXProject section */
		13E39A022A20DFC400E96567 /* Project object */ = {
			isa = PBXProject;
			attributes = {
				BuildIndependentTargetsInParallel = 1;
				LastSwiftUpdateCheck = 1430;
				LastUpgradeCheck = 1430;
				TargetAttributes = {
					13E39A092A20DFC400E96567 = {
						CreatedOnToolsVersion = 14.3;
					};
				};
			};
			buildConfigurationList = 13E39A052A20DFC400E96567 /* Build configuration list for PBXProject "ImageFeed" */;
			compatibilityVersion = "Xcode 14.0";
			developmentRegion = en;
			hasScannedForEncodings = 0;
			knownRegions = (
				en,
				Base,
			);
			mainGroup = 13E39A012A20DFC400E96567;
			productRefGroup = 13E39A0B2A20DFC500E96567 /* Products */;
			projectDirPath = "";
			projectRoot = "";
			targets = (
				13E39A092A20DFC400E96567 /* ImageFeed */,
			);
		};
/* End PBXProject section */

/* Begin PBXResourcesBuildPhase section */
		13E39A082A20DFC400E96567 /* Resources */ = {
			isa = PBXResourcesBuildPhase;
			buildActionMask = 2147483647;
			files = (
				13E39A1A2A20DFC600E96567 /* LaunchScreen.storyboard in Resources */,
				13E39A172A20DFC600E96567 /* Assets.xcassets in Resources */,
				13E39A152A20DFC500E96567 /* Main.storyboard in Resources */,
			);
			runOnlyForDeploymentPostprocessing = 0;
		};
/* End PBXResourcesBuildPhase section */

/* Begin PBXSourcesBuildPhase section */
		13E39A062A20DFC400E96567 /* Sources */ = {
			isa = PBXSourcesBuildPhase;
			buildActionMask = 2147483647;
			files = (
				13E39A122A20DFC500E96567 /* ImagesListViewController.swift in Sources */,
				13BBA3262A2538A500854565 /* UIColor+Extensions.swift in Sources */,
				13EE45732A49B7AA00BA3DE0 /* AuthViewController.swift in Sources */,
				13BBA3212A24E35F00854565 /* ImagesListCell.swift in Sources */,
				13EE45772A49D1C700BA3DE0 /* WebViewViewController.swift in Sources */,
				13B7BA122A4EEE960005FAB3 /* SplashViewController.swift in Sources */,
				135447002A4DF38C005FF3C0 /* OAuth2Service.swift in Sources */,
				13E39A0E2A20DFC500E96567 /* AppDelegate.swift in Sources */,
				13903B802A327A9700F3946E /* ProfileViewController.swift in Sources */,
				13E39A102A20DFC500E96567 /* SceneDelegate.swift in Sources */,
				130518842A34F321005B7AD4 /* SingleImageViewController.swift in Sources */,
				135446FA2A4DDD82005FF3C0 /* OAuth2TokenStorage.swift in Sources */,
				13BBA3282A2538B800854565 /* Date+Extensions.swift in Sources */,
				1371FBFB2A48CC72002D2D22 /* AuthConstants.swift in Sources */,
			);
			runOnlyForDeploymentPostprocessing = 0;
		};
/* End PBXSourcesBuildPhase section */

/* Begin PBXVariantGroup section */
		13E39A132A20DFC500E96567 /* Main.storyboard */ = {
			isa = PBXVariantGroup;
			children = (
				13E39A142A20DFC500E96567 /* Base */,
			);
			name = Main.storyboard;
			sourceTree = "<group>";
		};
		13E39A182A20DFC600E96567 /* LaunchScreen.storyboard */ = {
			isa = PBXVariantGroup;
			children = (
				13E39A192A20DFC600E96567 /* Base */,
			);
			name = LaunchScreen.storyboard;
			sourceTree = "<group>";
		};
/* End PBXVariantGroup section */

/* Begin XCBuildConfiguration section */
		13E39A1C2A20DFC600E96567 /* Debug */ = {
			isa = XCBuildConfiguration;
			buildSettings = {
				ALWAYS_SEARCH_USER_PATHS = NO;
				CLANG_ANALYZER_NONNULL = YES;
				CLANG_ANALYZER_NUMBER_OBJECT_CONVERSION = YES_AGGRESSIVE;
				CLANG_CXX_LANGUAGE_STANDARD = "gnu++20";
				CLANG_ENABLE_MODULES = YES;
				CLANG_ENABLE_OBJC_ARC = YES;
				CLANG_ENABLE_OBJC_WEAK = YES;
				CLANG_WARN_BLOCK_CAPTURE_AUTORELEASING = YES;
				CLANG_WARN_BOOL_CONVERSION = YES;
				CLANG_WARN_COMMA = YES;
				CLANG_WARN_CONSTANT_CONVERSION = YES;
				CLANG_WARN_DEPRECATED_OBJC_IMPLEMENTATIONS = YES;
				CLANG_WARN_DIRECT_OBJC_ISA_USAGE = YES_ERROR;
				CLANG_WARN_DOCUMENTATION_COMMENTS = YES;
				CLANG_WARN_EMPTY_BODY = YES;
				CLANG_WARN_ENUM_CONVERSION = YES;
				CLANG_WARN_INFINITE_RECURSION = YES;
				CLANG_WARN_INT_CONVERSION = YES;
				CLANG_WARN_NON_LITERAL_NULL_CONVERSION = YES;
				CLANG_WARN_OBJC_IMPLICIT_RETAIN_SELF = YES;
				CLANG_WARN_OBJC_LITERAL_CONVERSION = YES;
				CLANG_WARN_OBJC_ROOT_CLASS = YES_ERROR;
				CLANG_WARN_QUOTED_INCLUDE_IN_FRAMEWORK_HEADER = YES;
				CLANG_WARN_RANGE_LOOP_ANALYSIS = YES;
				CLANG_WARN_STRICT_PROTOTYPES = YES;
				CLANG_WARN_SUSPICIOUS_MOVE = YES;
				CLANG_WARN_UNGUARDED_AVAILABILITY = YES_AGGRESSIVE;
				CLANG_WARN_UNREACHABLE_CODE = YES;
				CLANG_WARN__DUPLICATE_METHOD_MATCH = YES;
				COPY_PHASE_STRIP = NO;
				DEBUG_INFORMATION_FORMAT = dwarf;
				ENABLE_STRICT_OBJC_MSGSEND = YES;
				ENABLE_TESTABILITY = YES;
				GCC_C_LANGUAGE_STANDARD = gnu11;
				GCC_DYNAMIC_NO_PIC = NO;
				GCC_NO_COMMON_BLOCKS = YES;
				GCC_OPTIMIZATION_LEVEL = 0;
				GCC_PREPROCESSOR_DEFINITIONS = (
					"DEBUG=1",
					"$(inherited)",
				);
				GCC_WARN_64_TO_32_BIT_CONVERSION = YES;
				GCC_WARN_ABOUT_RETURN_TYPE = YES_ERROR;
				GCC_WARN_UNDECLARED_SELECTOR = YES;
				GCC_WARN_UNINITIALIZED_AUTOS = YES_AGGRESSIVE;
				GCC_WARN_UNUSED_FUNCTION = YES;
				GCC_WARN_UNUSED_VARIABLE = YES;
				IPHONEOS_DEPLOYMENT_TARGET = 16.4;
				MTL_ENABLE_DEBUG_INFO = INCLUDE_SOURCE;
				MTL_FAST_MATH = YES;
				ONLY_ACTIVE_ARCH = YES;
				SDKROOT = iphoneos;
				SWIFT_ACTIVE_COMPILATION_CONDITIONS = DEBUG;
				SWIFT_OPTIMIZATION_LEVEL = "-Onone";
			};
			name = Debug;
		};
		13E39A1D2A20DFC600E96567 /* Release */ = {
			isa = XCBuildConfiguration;
			buildSettings = {
				ALWAYS_SEARCH_USER_PATHS = NO;
				CLANG_ANALYZER_NONNULL = YES;
				CLANG_ANALYZER_NUMBER_OBJECT_CONVERSION = YES_AGGRESSIVE;
				CLANG_CXX_LANGUAGE_STANDARD = "gnu++20";
				CLANG_ENABLE_MODULES = YES;
				CLANG_ENABLE_OBJC_ARC = YES;
				CLANG_ENABLE_OBJC_WEAK = YES;
				CLANG_WARN_BLOCK_CAPTURE_AUTORELEASING = YES;
				CLANG_WARN_BOOL_CONVERSION = YES;
				CLANG_WARN_COMMA = YES;
				CLANG_WARN_CONSTANT_CONVERSION = YES;
				CLANG_WARN_DEPRECATED_OBJC_IMPLEMENTATIONS = YES;
				CLANG_WARN_DIRECT_OBJC_ISA_USAGE = YES_ERROR;
				CLANG_WARN_DOCUMENTATION_COMMENTS = YES;
				CLANG_WARN_EMPTY_BODY = YES;
				CLANG_WARN_ENUM_CONVERSION = YES;
				CLANG_WARN_INFINITE_RECURSION = YES;
				CLANG_WARN_INT_CONVERSION = YES;
				CLANG_WARN_NON_LITERAL_NULL_CONVERSION = YES;
				CLANG_WARN_OBJC_IMPLICIT_RETAIN_SELF = YES;
				CLANG_WARN_OBJC_LITERAL_CONVERSION = YES;
				CLANG_WARN_OBJC_ROOT_CLASS = YES_ERROR;
				CLANG_WARN_QUOTED_INCLUDE_IN_FRAMEWORK_HEADER = YES;
				CLANG_WARN_RANGE_LOOP_ANALYSIS = YES;
				CLANG_WARN_STRICT_PROTOTYPES = YES;
				CLANG_WARN_SUSPICIOUS_MOVE = YES;
				CLANG_WARN_UNGUARDED_AVAILABILITY = YES_AGGRESSIVE;
				CLANG_WARN_UNREACHABLE_CODE = YES;
				CLANG_WARN__DUPLICATE_METHOD_MATCH = YES;
				COPY_PHASE_STRIP = NO;
				DEBUG_INFORMATION_FORMAT = "dwarf-with-dsym";
				ENABLE_NS_ASSERTIONS = NO;
				ENABLE_STRICT_OBJC_MSGSEND = YES;
				GCC_C_LANGUAGE_STANDARD = gnu11;
				GCC_NO_COMMON_BLOCKS = YES;
				GCC_WARN_64_TO_32_BIT_CONVERSION = YES;
				GCC_WARN_ABOUT_RETURN_TYPE = YES_ERROR;
				GCC_WARN_UNDECLARED_SELECTOR = YES;
				GCC_WARN_UNINITIALIZED_AUTOS = YES_AGGRESSIVE;
				GCC_WARN_UNUSED_FUNCTION = YES;
				GCC_WARN_UNUSED_VARIABLE = YES;
				IPHONEOS_DEPLOYMENT_TARGET = 16.4;
				MTL_ENABLE_DEBUG_INFO = NO;
				MTL_FAST_MATH = YES;
				SDKROOT = iphoneos;
				SWIFT_COMPILATION_MODE = wholemodule;
				SWIFT_OPTIMIZATION_LEVEL = "-O";
				VALIDATE_PRODUCT = YES;
			};
			name = Release;
		};
		13E39A1F2A20DFC600E96567 /* Debug */ = {
			isa = XCBuildConfiguration;
			buildSettings = {
				ASSETCATALOG_COMPILER_APPICON_NAME = AppIcon;
				ASSETCATALOG_COMPILER_GLOBAL_ACCENT_COLOR_NAME = AccentColor;
				CODE_SIGN_STYLE = Automatic;
				CURRENT_PROJECT_VERSION = 1;
				DEVELOPMENT_TEAM = WK3Q2J5S3B;
				GENERATE_INFOPLIST_FILE = YES;
				INFOPLIST_FILE = ImageFeed/Info.plist;
				INFOPLIST_KEY_UIApplicationSupportsIndirectInputEvents = YES;
				INFOPLIST_KEY_UILaunchStoryboardName = LaunchScreen;
				INFOPLIST_KEY_UIMainStoryboardFile = Main;
				INFOPLIST_KEY_UISupportedInterfaceOrientations = UIInterfaceOrientationPortrait;
				INFOPLIST_KEY_UISupportedInterfaceOrientations_iPad = "UIInterfaceOrientationLandscapeLeft UIInterfaceOrientationLandscapeRight UIInterfaceOrientationPortrait UIInterfaceOrientationPortraitUpsideDown";
				IPHONEOS_DEPLOYMENT_TARGET = 13.0;
				LD_RUNPATH_SEARCH_PATHS = (
					"$(inherited)",
					"@executable_path/Frameworks",
				);
				MARKETING_VERSION = 1.0;
				PRODUCT_BUNDLE_IDENTIFIER = com.Ad4mWest.ImageFeed;
				PRODUCT_NAME = "$(TARGET_NAME)";
				SUPPORTED_PLATFORMS = "iphoneos iphonesimulator";
				SUPPORTS_MACCATALYST = NO;
				SUPPORTS_MAC_DESIGNED_FOR_IPHONE_IPAD = NO;
				SWIFT_EMIT_LOC_STRINGS = YES;
				SWIFT_VERSION = 5.0;
				TARGETED_DEVICE_FAMILY = 1;
			};
			name = Debug;
		};
		13E39A202A20DFC600E96567 /* Release */ = {
			isa = XCBuildConfiguration;
			buildSettings = {
				ASSETCATALOG_COMPILER_APPICON_NAME = AppIcon;
				ASSETCATALOG_COMPILER_GLOBAL_ACCENT_COLOR_NAME = AccentColor;
				CODE_SIGN_STYLE = Automatic;
				CURRENT_PROJECT_VERSION = 1;
				DEVELOPMENT_TEAM = WK3Q2J5S3B;
				GENERATE_INFOPLIST_FILE = YES;
				INFOPLIST_FILE = ImageFeed/Info.plist;
				INFOPLIST_KEY_UIApplicationSupportsIndirectInputEvents = YES;
				INFOPLIST_KEY_UILaunchStoryboardName = LaunchScreen;
				INFOPLIST_KEY_UIMainStoryboardFile = Main;
				INFOPLIST_KEY_UISupportedInterfaceOrientations = UIInterfaceOrientationPortrait;
				INFOPLIST_KEY_UISupportedInterfaceOrientations_iPad = "UIInterfaceOrientationLandscapeLeft UIInterfaceOrientationLandscapeRight UIInterfaceOrientationPortrait UIInterfaceOrientationPortraitUpsideDown";
				IPHONEOS_DEPLOYMENT_TARGET = 13.0;
				LD_RUNPATH_SEARCH_PATHS = (
					"$(inherited)",
					"@executable_path/Frameworks",
				);
				MARKETING_VERSION = 1.0;
				PRODUCT_BUNDLE_IDENTIFIER = com.Ad4mWest.ImageFeed;
				PRODUCT_NAME = "$(TARGET_NAME)";
				SUPPORTED_PLATFORMS = "iphoneos iphonesimulator";
				SUPPORTS_MACCATALYST = NO;
				SUPPORTS_MAC_DESIGNED_FOR_IPHONE_IPAD = NO;
				SWIFT_EMIT_LOC_STRINGS = YES;
				SWIFT_VERSION = 5.0;
				TARGETED_DEVICE_FAMILY = 1;
			};
			name = Release;
		};
/* End XCBuildConfiguration section */

/* Begin XCConfigurationList section */
		13E39A052A20DFC400E96567 /* Build configuration list for PBXProject "ImageFeed" */ = {
			isa = XCConfigurationList;
			buildConfigurations = (
				13E39A1C2A20DFC600E96567 /* Debug */,
				13E39A1D2A20DFC600E96567 /* Release */,
			);
			defaultConfigurationIsVisible = 0;
			defaultConfigurationName = Release;
		};
		13E39A1E2A20DFC600E96567 /* Build configuration list for PBXNativeTarget "ImageFeed" */ = {
			isa = XCConfigurationList;
			buildConfigurations = (
				13E39A1F2A20DFC600E96567 /* Debug */,
				13E39A202A20DFC600E96567 /* Release */,
			);
			defaultConfigurationIsVisible = 0;
			defaultConfigurationName = Release;
		};
/* End XCConfigurationList section */
	};
	rootObject = 13E39A022A20DFC400E96567 /* Project object */;
}
